{
  "name": "ajs-platforms2",
  "version": "1.0.0",
  "lockfileVersion": 2,
  "requires": true,
  "packages": {
    "": {
      "name": "ajs-platforms2",
      "version": "1.0.0",
      "license": "ISC",
      "dependencies": {
        "@slavafors/platforms": "^1.0.0"
      }
    },
    "node_modules/@slavafors/platforms": {
      "version": "1.0.0",
      "resolved": "https://npm.pkg.github.com/download/@slavafors/platforms/1.0.0/44b6c61abaf9cc4d2d0aa862dccb12363027804c",
      "integrity": "sha512-+nRXIZ9ADOFUUya45q/h2yVuG/nyLOtDCV8cnf+/Ye05qydIfGu11JIbK4AiKkP7L1/nd8iqDU+93dzgbrDzNA==",
      "license": "ISC"
    }
  },
  "dependencies": {
    "@slavafors/platforms": {
      "version": "1.0.0",
      "resolved": "https://npm.pkg.github.com/download/@slavafors/platforms/1.0.0/44b6c61abaf9cc4d2d0aa862dccb12363027804c",
      "integrity": "sha512-+nRXIZ9ADOFUUya45q/h2yVuG/nyLOtDCV8cnf+/Ye05qydIfGu11JIbK4AiKkP7L1/nd8iqDU+93dzgbrDzNA=="
    }
  }
}
